
Microsoft Visual Studio Solution File, Format Version 12.00
# Visual Studio Version 17
VisualStudioVersion = 17.3.32804.467
MinimumVisualStudioVersion = 10.0.40219.1
Project("{9A19103F-16F7-4668-BE54-9A1E7A4F7556}") = "RetoBCP.API", "RetoBCP.API\RetoBCP.API.csproj", "{CDBAE59A-63E2-41DE-B131-4327F3DB035E}"
EndProject
Project("{9A19103F-16F7-4668-BE54-9A1E7A4F7556}") = "RetoBCP.Application", "RetoBCP.Application\RetoBCP.Application.csproj", "{7FC34F58-2A07-442B-9EFC-22873CF05D40}"
EndProject
Project("{FAE04EC0-301F-11D3-BF4B-00C04F79EFBC}") = "RetoBCP.Domain", "RetoBCP.Domain\RetoBCP.Domain.csproj", "{18BA60DD-1CDD-49E1-8951-716AF02B15D8}"
EndProject
Global
	GlobalSection(SolutionConfigurationPlatforms) = preSolution
		Debug|Any CPU = Debug|Any CPU
		Release|Any CPU = Release|Any CPU
	EndGlobalSection
	GlobalSection(ProjectConfigurationPlatforms) = postSolution
		{CDBAE59A-63E2-41DE-B131-4327F3DB035E}.Debug|Any CPU.ActiveCfg = Debug|Any CPU
		{CDBAE59A-63E2-41DE-B131-4327F3DB035E}.Debug|Any CPU.Build.0 = Debug|Any CPU
		{CDBAE59A-63E2-41DE-B131-4327F3DB035E}.Release|Any CPU.ActiveCfg = Release|Any CPU
		{CDBAE59A-63E2-41DE-B131-4327F3DB035E}.Release|Any CPU.Build.0 = Release|Any CPU
		{7FC34F58-2A07-442B-9EFC-22873CF05D40}.Debug|Any CPU.ActiveCfg = Debug|Any CPU
		{7FC34F58-2A07-442B-9EFC-22873CF05D40}.Debug|Any CPU.Build.0 = Debug|Any CPU
		{7FC34F58-2A07-442B-9EFC-22873CF05D40}.Release|Any CPU.ActiveCfg = Release|Any CPU
		{7FC34F58-2A07-442B-9EFC-22873CF05D40}.Release|Any CPU.Build.0 = Release|Any CPU
		{18BA60DD-1CDD-49E1-8951-716AF02B15D8}.Debug|Any CPU.ActiveCfg = Debug|Any CPU
		{18BA60DD-1CDD-49E1-8951-716AF02B15D8}.Debug|Any CPU.Build.0 = Debug|Any CPU
		{18BA60DD-1CDD-49E1-8951-716AF02B15D8}.Release|Any CPU.ActiveCfg = Release|Any CPU
		{18BA60DD-1CDD-49E1-8951-716AF02B15D8}.Release|Any CPU.Build.0 = Release|Any CPU
	EndGlobalSection
	GlobalSection(SolutionProperties) = preSolution
		HideSolutionNode = FALSE
	EndGlobalSection
	GlobalSection(ExtensibilityGlobals) = postSolution
		SolutionGuid = {B04E713F-7D23-4A67-AA17-EC8FCCC64315}
	EndGlobalSection
EndGlobal
